schema: '2.0'
stages:
  data_ingestion:
    cmd: python src/data_ingestion.py
    deps:
    - path: src/data_ingestion.py
      hash: md5
      md5: 22a20d183f2e2e44ea944b3c8265e536
      size: 3517
    params:
      params.yaml:
        data_ingestion.test_size: 0.3
    outs:
    - path: data/raw
      hash: md5
      md5: 506021b2951b5a642d0d50e6e224e825.dir
      size: 484846
      nfiles: 2
  data_preprocessing:
    cmd: python src/data_preprocessing.py
    deps:
    - path: data/raw
      hash: md5
      md5: 506021b2951b5a642d0d50e6e224e825.dir
      size: 484846
      nfiles: 2
    - path: src/data_preprocessing.py
      hash: md5
      md5: 5ab298678a41d6c0367d8cb8dbc708a6
      size: 3944
    outs:
    - path: data/interim
      hash: md5
      md5: 9a5eba0035ada9b17e51118cdb456461.dir
      size: 283173
      nfiles: 2
  feature_engineering:
    cmd: python src/feature_engineering.py
    deps:
    - path: data/interim
      hash: md5
      md5: 9a5eba0035ada9b17e51118cdb456461.dir
      size: 283173
      nfiles: 2
    - path: src/feature_engineering.py
      hash: md5
      md5: c4a6f439ddec727f97de59dcb0a58e66
      size: 3879
    params:
      params.yaml:
        feature_engineering.max_features: 50
    outs:
    - path: data/processed
      hash: md5
      md5: 9f5db054384f4a8662cec0551b6b0f65.dir
      size: 1180421
      nfiles: 2
  model_building:
    cmd: python src/model_building.py
    deps:
    - path: data/processed
      hash: md5
      md5: 9f5db054384f4a8662cec0551b6b0f65.dir
      size: 1180421
      nfiles: 2
    - path: src/model_building.py
      hash: md5
      md5: 4036cc8330cc325f0884211ab4b2b00f
      size: 4327
    params:
      params.yaml:
        model_building.n_estimators: 25
        model_building.random_state: 2
    outs:
    - path: models/model.pkl
      hash: md5
      md5: 32c32f8699e6ddb27a15ae90ee85cdf1
      size: 890633
  model_evaluation:
    cmd: python src/model_evaluation.py
    deps:
    - path: models/model.pkl
      hash: md5
      md5: 32c32f8699e6ddb27a15ae90ee85cdf1
      size: 890633
    - path: src/model_evaluation.py
      hash: md5
      md5: 09b25b8f62e1230ea1963b71fa692957
      size: 4730
    outs:
    - path: reports/metrics.json
      hash: md5
      md5: 69fa51f69479cccbedc819c24b3eb817
      size: 148
