schema: '2.0'
stages:
  data_ingestion:
    cmd: python src/data_ingestion.py
    deps:
    - path: src/data_ingestion.py
      hash: md5
      md5: 22a20d183f2e2e44ea944b3c8265e536
      size: 3517
    params:
      params.yaml:
        data_ingestion.test_size: 0.15
    outs:
    - path: data/raw
      hash: md5
      md5: e0ca0360b13b8deedbf58bd1670a9a90.dir
      size: 484846
      nfiles: 2
  data_preprocessing:
    cmd: python src/data_preprocessing.py
    deps:
    - path: data/raw
      hash: md5
      md5: e0ca0360b13b8deedbf58bd1670a9a90.dir
      size: 484846
      nfiles: 2
    - path: src/data_preprocessing.py
      hash: md5
      md5: 5ab298678a41d6c0367d8cb8dbc708a6
      size: 3944
    outs:
    - path: data/interim
      hash: md5
      md5: 868f92515647efc1ada2892d3adde133.dir
      size: 279954
      nfiles: 2
  feature_engineering:
    cmd: python src/feature_engineering.py
    deps:
    - path: data/interim
      hash: md5
      md5: 868f92515647efc1ada2892d3adde133.dir
      size: 279954
      nfiles: 2
    - path: src/feature_engineering.py
      hash: md5
      md5: c4a6f439ddec727f97de59dcb0a58e66
      size: 3879
    params:
      params.yaml:
        feature_engineering.max_features: 45
    outs:
    - path: data/processed
      hash: md5
      md5: 00e8ddf027a18588a67ddb5aa16d22d4.dir
      size: 1055378
      nfiles: 2
  model_building:
    cmd: python src/model_building.py
    deps:
    - path: data/processed
      hash: md5
      md5: 00e8ddf027a18588a67ddb5aa16d22d4.dir
      size: 1055378
      nfiles: 2
    - path: src/model_building.py
      hash: md5
      md5: 4036cc8330cc325f0884211ab4b2b00f
      size: 4327
    params:
      params.yaml:
        model_building.n_estimators: 20
        model_building.random_state: 2
    outs:
    - path: models/model.pkl
      hash: md5
      md5: ebfa611dd49044c79c00cf47e1d41751
      size: 784840
  model_evaluation:
    cmd: python src/model_evaluation.py
    deps:
    - path: models/model.pkl
      hash: md5
      md5: ebfa611dd49044c79c00cf47e1d41751
      size: 784840
    - path: src/model_evaluation.py
      hash: md5
      md5: cd60bb1eff55017c5fd1abdff1549e1e
      size: 3535
    outs:
    - path: reports/metrics.json
      hash: md5
      md5: 2c4456b96de463e229f363fa8eb0558c
      size: 149
